
Microsoft Visual Studio Solution File, Format Version 12.00
# Visual Studio Version 16
VisualStudioVersion = 16.0.32002.261
MinimumVisualStudioVersion = 10.0.40219.1
Project("{FAE04EC0-301F-11D3-BF4B-00C04F79EFBC}") = "Laba2 Wpf", "Laba2 Wpf\Laba2 Wpf.csproj", "{6FFE915E-9BB8-4641-8382-2D55814C3965}"
EndProject
Global
	GlobalSection(SolutionConfigurationPlatforms) = preSolution
		Debug|Any CPU = Debug|Any CPU
		Release|Any CPU = Release|Any CPU
	EndGlobalSection
	GlobalSection(ProjectConfigurationPlatforms) = postSolution
		{6FFE915E-9BB8-4641-8382-2D55814C3965}.Debug|Any CPU.ActiveCfg = Debug|Any CPU
		{6FFE915E-9BB8-4641-8382-2D55814C3965}.Debug|Any CPU.Build.0 = Debug|Any CPU
		{6FFE915E-9BB8-4641-8382-2D55814C3965}.Release|Any CPU.ActiveCfg = Release|Any CPU
		{6FFE915E-9BB8-4641-8382-2D55814C3965}.Release|Any CPU.Build.0 = Release|Any CPU
	EndGlobalSection
	GlobalSection(SolutionProperties) = preSolution
		HideSolutionNode = FALSE
	EndGlobalSection
	GlobalSection(ExtensibilityGlobals) = postSolution
		SolutionGuid = {06076516-D085-47C1-AC06-D019719CE39E}
	EndGlobalSection
EndGlobal
